
Microsoft Visual Studio Solution File, Format Version 12.00
# Visual Studio Version 16
VisualStudioVersion = 16.0.30011.22
MinimumVisualStudioVersion = 10.0.40219.1
Project("{FAE04EC0-301F-11D3-BF4B-00C04F79EFBC}") = "TP_Lab1", "TP_Lab1\TP_Lab1.csproj", "{8159D651-C6F0-4019-AE46-6D09F5EE6B96}"
EndProject
Global
	GlobalSection(SolutionConfigurationPlatforms) = preSolution
		Debug|Any CPU = Debug|Any CPU
		Release|Any CPU = Release|Any CPU
	EndGlobalSection
	GlobalSection(ProjectConfigurationPlatforms) = postSolution
		{8159D651-C6F0-4019-AE46-6D09F5EE6B96}.Debug|Any CPU.ActiveCfg = Debug|Any CPU
		{8159D651-C6F0-4019-AE46-6D09F5EE6B96}.Debug|Any CPU.Build.0 = Debug|Any CPU
		{8159D651-C6F0-4019-AE46-6D09F5EE6B96}.Release|Any CPU.ActiveCfg = Release|Any CPU
		{8159D651-C6F0-4019-AE46-6D09F5EE6B96}.Release|Any CPU.Build.0 = Release|Any CPU
	EndGlobalSection
	GlobalSection(SolutionProperties) = preSolution
		HideSolutionNode = FALSE
	EndGlobalSection
	GlobalSection(ExtensibilityGlobals) = postSolution
		SolutionGuid = {9AEF0DFC-9C66-4D42-B88B-282C64FB3EF7}
	EndGlobalSection
EndGlobal
